
Microsoft Visual Studio Solution File, Format Version 12.00
# Visual Studio Version 17
VisualStudioVersion = 17.0.31903.59
MinimumVisualStudioVersion = 10.0.40219.1
Project("{FAE04EC0-301F-11D3-BF4B-00C04F79EFBC}") = "Server", "Server\Server.csproj", "{979C9994-B448-4412-8482-53ACCB12BACF}"
EndProject
Project("{FAE04EC0-301F-11D3-BF4B-00C04F79EFBC}") = "Common", "Common\Common.csproj", "{4B0DCEFD-3791-4CFB-A9A0-F64E8969062A}"
EndProject
Project("{FAE04EC0-301F-11D3-BF4B-00C04F79EFBC}") = "Client", "Client\Client.csproj", "{5C7BC453-4B21-446A-BF6F-CCF2C5509515}"
EndProject
Global
	GlobalSection(SolutionConfigurationPlatforms) = preSolution
		Debug|Any CPU = Debug|Any CPU
		Debug|x64 = Debug|x64
		Debug|x86 = Debug|x86
		Release|Any CPU = Release|Any CPU
		Release|x64 = Release|x64
		Release|x86 = Release|x86
	EndGlobalSection
	GlobalSection(ProjectConfigurationPlatforms) = postSolution
		{979C9994-B448-4412-8482-53ACCB12BACF}.Debug|Any CPU.ActiveCfg = Debug|Any CPU
		{979C9994-B448-4412-8482-53ACCB12BACF}.Debug|Any CPU.Build.0 = Debug|Any CPU
		{979C9994-B448-4412-8482-53ACCB12BACF}.Debug|x64.ActiveCfg = Debug|Any CPU
		{979C9994-B448-4412-8482-53ACCB12BACF}.Debug|x64.Build.0 = Debug|Any CPU
		{979C9994-B448-4412-8482-53ACCB12BACF}.Debug|x86.ActiveCfg = Debug|Any CPU
		{979C9994-B448-4412-8482-53ACCB12BACF}.Debug|x86.Build.0 = Debug|Any CPU
		{979C9994-B448-4412-8482-53ACCB12BACF}.Release|Any CPU.ActiveCfg = Release|Any CPU
		{979C9994-B448-4412-8482-53ACCB12BACF}.Release|Any CPU.Build.0 = Release|Any CPU
		{979C9994-B448-4412-8482-53ACCB12BACF}.Release|x64.ActiveCfg = Release|Any CPU
		{979C9994-B448-4412-8482-53ACCB12BACF}.Release|x64.Build.0 = Release|Any CPU
		{979C9994-B448-4412-8482-53ACCB12BACF}.Release|x86.ActiveCfg = Release|Any CPU
		{979C9994-B448-4412-8482-53ACCB12BACF}.Release|x86.Build.0 = Release|Any CPU
		{4B0DCEFD-3791-4CFB-A9A0-F64E8969062A}.Debug|Any CPU.ActiveCfg = Debug|Any CPU
		{4B0DCEFD-3791-4CFB-A9A0-F64E8969062A}.Debug|Any CPU.Build.0 = Debug|Any CPU
		{4B0DCEFD-3791-4CFB-A9A0-F64E8969062A}.Debug|x64.ActiveCfg = Debug|Any CPU
		{4B0DCEFD-3791-4CFB-A9A0-F64E8969062A}.Debug|x64.Build.0 = Debug|Any CPU
		{4B0DCEFD-3791-4CFB-A9A0-F64E8969062A}.Debug|x86.ActiveCfg = Debug|Any CPU
		{4B0DCEFD-3791-4CFB-A9A0-F64E8969062A}.Debug|x86.Build.0 = Debug|Any CPU
		{4B0DCEFD-3791-4CFB-A9A0-F64E8969062A}.Release|Any CPU.ActiveCfg = Release|Any CPU
		{4B0DCEFD-3791-4CFB-A9A0-F64E8969062A}.Release|Any CPU.Build.0 = Release|Any CPU
		{4B0DCEFD-3791-4CFB-A9A0-F64E8969062A}.Release|x64.ActiveCfg = Release|Any CPU
		{4B0DCEFD-3791-4CFB-A9A0-F64E8969062A}.Release|x64.Build.0 = Release|Any CPU
		{4B0DCEFD-3791-4CFB-A9A0-F64E8969062A}.Release|x86.ActiveCfg = Release|Any CPU
		{4B0DCEFD-3791-4CFB-A9A0-F64E8969062A}.Release|x86.Build.0 = Release|Any CPU
		{5C7BC453-4B21-446A-BF6F-CCF2C5509515}.Debug|Any CPU.ActiveCfg = Debug|Any CPU
		{5C7BC453-4B21-446A-BF6F-CCF2C5509515}.Debug|Any CPU.Build.0 = Debug|Any CPU
		{5C7BC453-4B21-446A-BF6F-CCF2C5509515}.Debug|x64.ActiveCfg = Debug|Any CPU
		{5C7BC453-4B21-446A-BF6F-CCF2C5509515}.Debug|x64.Build.0 = Debug|Any CPU
		{5C7BC453-4B21-446A-BF6F-CCF2C5509515}.Debug|x86.ActiveCfg = Debug|Any CPU
		{5C7BC453-4B21-446A-BF6F-CCF2C5509515}.Debug|x86.Build.0 = Debug|Any CPU
		{5C7BC453-4B21-446A-BF6F-CCF2C5509515}.Release|Any CPU.ActiveCfg = Release|Any CPU
		{5C7BC453-4B21-446A-BF6F-CCF2C5509515}.Release|Any CPU.Build.0 = Release|Any CPU
		{5C7BC453-4B21-446A-BF6F-CCF2C5509515}.Release|x64.ActiveCfg = Release|Any CPU
		{5C7BC453-4B21-446A-BF6F-CCF2C5509515}.Release|x64.Build.0 = Release|Any CPU
		{5C7BC453-4B21-446A-BF6F-CCF2C5509515}.Release|x86.ActiveCfg = Release|Any CPU
		{5C7BC453-4B21-446A-BF6F-CCF2C5509515}.Release|x86.Build.0 = Release|Any CPU
	EndGlobalSection
	GlobalSection(SolutionProperties) = preSolution
		HideSolutionNode = FALSE
	EndGlobalSection
EndGlobal
